<Solution>
  <Project Path="src/Application.Client/Application.Client.csproj" />
  <Project Path="src/Application.Core/Application.Core.csproj" />
  <Project Path="src/Application.Infrastructure/Application.Infrastructure.csproj" />
  <Project Path="src/Application.Services/Application.Services.csproj" />
  <Project Path="src/Application/Application.csproj" />
</Solution>
